{
  "name": "mongo-nested-sets",
  "version": "0.1.0",
  "lockfileVersion": 1,
  "requires": true,
  "dependencies": {
    "@types/mocha": {
      "version": "5.2.7",
      "resolved": "https://registry.npmjs.org/@types/mocha/-/mocha-5.2.7.tgz",
      "integrity": "sha512-NYrtPht0wGzhwe9+/idPaBB+TqkY9AhTvOLMkThm0IoEfLaiVQZwBwyJ5puCkO3AUCWrmcoePjp2mbFocKy4SQ==",
      "dev": true
    },
    "@types/node": {
      "version": "10.14.9",
      "resolved": "https://registry.npmjs.org/@types/node/-/node-10.14.9.tgz",
      "integrity": "sha512-NelG/dSahlXYtSoVPErrp06tYFrvzj8XLWmKA+X8x0W//4MqbUyZu++giUG/v0bjAT6/Qxa8IjodrfdACyb0Fg==",
      "dev": true
    },
    "async": {
      "version": "2.6.2",
      "resolved": "https://registry.npmjs.org/async/-/async-2.6.2.tgz",
      "integrity": "sha512-H1qVYh1MYhEEFLsP97cVKqCGo7KfCyTt6uEWqsTBr9SO84oK9Uwbyd/yCW+6rKJLHksBNUVWZDAjfS+Ccx0Bbg==",
      "dev": true
    },
    "chai": {
      "version": "4.2.0",
      "resolved": "https://registry.npmjs.org/chai/-/chai-4.2.0.tgz",
      "integrity": "sha512-XQU3bhBukrOsQCuwZndwGcCVQHyZi53fQ6Ys1Fym7E4olpIqqZZhhoFJoaKVvV17lWQoXYwgWN2nF5crA8J2jw=="
    },
    "chance": {
      "version": "1.0.18",
      "resolved": "https://registry.npmjs.org/chance/-/chance-1.0.18.tgz",
      "integrity": "sha512-g9YLQVHVZS/3F+zIicfB58vjcxopvYQRp7xHzvyDFDhXH1aRZI/JhwSAO0X5qYiQluoGnaNAU6wByD2KTxJN1A=="
    },
    "lodash": {
      "version": "4.17.19",
      "resolved": "https://registry.npmjs.org/lodash/-/lodash-4.17.19.tgz",
      "integrity": "sha512-JNvd8XER9GQX0v2qJgsaN/mzFCNA5BRe/j8JN9d+tWyGLSodKQHKFicdwNYzWwI3wjRnaKPsGj1XkBjx/F96DQ=="
    },
    "mocha": {
      "version": "5.2.0",
      "resolved": "https://registry.npmjs.org/mocha/-/mocha-5.2.0.tgz",
      "integrity": "sha512-2IUgKDhc3J7Uug+FxMXuqIyYzH7gJjXECKe/w43IGgQHTSj3InJi+yAA7T24L9bQMRKiUEHxEX37G5JpVUGLcQ==",
      "dev": true
    },
    "mongodb": {
      "version": "3.2.7",
      "resolved": "https://registry.npmjs.org/mongodb/-/mongodb-3.2.7.tgz",
      "integrity": "sha512-2YdWrdf1PJgxcCrT1tWoL6nHuk6hCxhddAAaEh8QJL231ci4+P9FLyqopbTm2Z2sAU6mhCri+wd9r1hOcHdoMw=="
    },
    "source-map-support": {
      "version": "0.5.12",
      "resolved": "https://registry.npmjs.org/source-map-support/-/source-map-support-0.5.12.tgz",
      "integrity": "sha512-4h2Pbvyy15EE02G+JOZpUCmqWJuqrs+sEkzewTm++BPi7Hvn/HwcqLAcNxYAyI0x13CpPPn+kMjl+hplXMHITQ==",
      "dev": true
    },
    "ts-node": {
      "version": "6.2.0",
      "resolved": "https://registry.npmjs.org/ts-node/-/ts-node-6.2.0.tgz",
      "integrity": "sha512-ZNT+OEGfUNVMGkpIaDJJ44Zq3Yr0bkU/ugN1PHbU+/01Z7UV1fsELRiTx1KuQNvQ1A3pGh3y25iYF6jXgxV21A==",
      "dev": true,
      "dependencies": {
        "minimist": {
          "version": "1.2.0",
          "resolved": "https://registry.npmjs.org/minimist/-/minimist-1.2.0.tgz",
          "integrity": "sha1-o1AIsg9BOD7sH7kU9M1d95omQoQ="
        }
      }
    },
    "tslint": {
      "version": "5.17.0",
      "resolved": "https://registry.npmjs.org/tslint/-/tslint-5.17.0.tgz",
      "integrity": "sha512-pflx87WfVoYepTet3xLfDOLDm9Jqi61UXIKePOuca0qoAZyrGWonDG9VTbji58Fy+8gciUn8Bt7y69+KEVjc/w==",
      "dev": true
    },
    "tslint-config-airbnb": {
      "version": "5.11.1",
      "resolved": "https://registry.npmjs.org/tslint-config-airbnb/-/tslint-config-airbnb-5.11.1.tgz",
      "integrity": "sha512-hkaittm2607vVMe8eotANGN1CimD5tor7uoY3ypg2VTtEcDB/KGWYbJOz58t8LI4cWSyWtgqYQ5F0HwKxxhlkQ==",
      "dev": true
    },
    "tslint-eslint-rules": {
      "version": "5.4.0",
      "resolved": "https://registry.npmjs.org/tslint-eslint-rules/-/tslint-eslint-rules-5.4.0.tgz",
      "integrity": "sha512-WlSXE+J2vY/VPgIcqQuijMQiel+UtmXS+4nvK4ZzlDiqBfXse8FAvkNnTcYhnQyOTW5KFM+uRRGXxYhFpuBc6w==",
      "dev": true,
      "dependencies": {
        "tslib": {
          "version": "1.9.0",
          "resolved": "https://registry.npmjs.org/tslib/-/tslib-1.9.0.tgz",
          "integrity": "sha512-f/qGG2tUkrISBlQZEjEqoZ3B2+npJjIf04H1wuAv9iA8i04Icp+61KRXxFdha22670NJopsZCIjhC3SnjPRKrQ=="
        },
        "tsutils": {
          "version": "3.14.0",
          "resolved": "https://registry.npmjs.org/tsutils/-/tsutils-3.14.0.tgz",
          "integrity": "sha512-SmzGbB0l+8I0QwsPgjooFRaRvHLBLNYM8SeQ0k6rtNDru5sCGeLJcZdwilNndN+GysuFjF5EIYgN8GfFG6UeUw=="
        }
      }
    },
    "typescript": {
      "version": "2.9.2",
      "resolved": "https://registry.npmjs.org/typescript/-/typescript-2.9.2.tgz",
      "integrity": "sha512-Gr4p6nFNaoufRIY4NMdpQRNmgxVIGMs4Fcu/ujdYk3nAZqk7supzBE9idmvfZIlH/Cuj//dvi+019qEue9lV0w==",
      "dev": true
    }
  }
}
